{
  "version": 4,
  "terraform_version": "1.11.1",
  "serial": 118,
  "lineage": "b596743d-36d2-988d-7a92-da55ebf318f4",
  "outputs": {},
  "resources": [
    {
      "mode": "managed",
      "type": "azurerm_bastion_host",
      "name": "bastion",
      "provider": "provider[\"registry.terraform.io/hashicorp/azurerm\"]",
      "instances": [
        {
          "index_key": "bastionvar1",
          "schema_version": 0,
          "attributes": {
            "copy_paste_enabled": true,
            "dns_name": "bst-8b8454cb-2ead-440d-9336-c13f791d53c2.bastion.azure.com",
            "file_copy_enabled": false,
            "id": "/subscriptions/51984565-3b14-41c7-900f-cf01ff601798/resourceGroups/rg-ankit/providers/Microsoft.Network/bastionHosts/bastion-ankit",
            "ip_configuration": [
              {
                "name": "configuration",
                "public_ip_address_id": "/subscriptions/51984565-3b14-41c7-900f-cf01ff601798/resourceGroups/rg-ankit/providers/Microsoft.Network/publicIPAddresses/pip-ankit",
                "subnet_id": "/subscriptions/51984565-3b14-41c7-900f-cf01ff601798/resourceGroups/rg-ankit/providers/Microsoft.Network/virtualNetworks/vnet-ankit/subnets/AzureBastionSubnet"
              }
            ],
            "ip_connect_enabled": false,
            "kerberos_enabled": false,
            "location": "eastus",
            "name": "bastion-ankit",
            "resource_group_name": "rg-ankit",
            "scale_units": 2,
            "session_recording_enabled": false,
            "shareable_link_enabled": false,
            "sku": "Basic",
            "tags": {},
            "timeouts": null,
            "tunneling_enabled": false,
            "virtual_network_id": "",
            "zones": []
          },
          "sensitive_attributes": [],
          "private": "eyJlMmJmYjczMC1lY2FhLTExZTYtOGY4OC0zNDM2M2JjN2M0YzAiOnsiY3JlYXRlIjoxODAwMDAwMDAwMDAwLCJkZWxldGUiOjE4MDAwMDAwMDAwMDAsInJlYWQiOjMwMDAwMDAwMDAwMCwidXBkYXRlIjoxODAwMDAwMDAwMDAwfX0=",
          "dependencies": [
            "azurerm_public_ip.pip",
            "azurerm_resource_group.rg",
            "azurerm_subnet.subnet",
            "azurerm_virtual_network.vnet"
          ]
        }
      ]
    },
    {
      "mode": "managed",
      "type": "azurerm_lb",
      "name": "lb",
      "provider": "provider[\"registry.terraform.io/hashicorp/azurerm\"]",
      "instances": [
        {
          "index_key": "lbvar1",
          "schema_version": 0,
          "attributes": {
            "edge_zone": "",
            "frontend_ip_configuration": [
              {
                "gateway_load_balancer_frontend_ip_configuration_id": "",
                "id": "/subscriptions/51984565-3b14-41c7-900f-cf01ff601798/resourceGroups/rg-ankit/providers/Microsoft.Network/loadBalancers/lb-ankit/frontendIPConfigurations/frontend-config",
                "inbound_nat_rules": [],
                "load_balancer_rules": [],
                "name": "frontend-config",
                "outbound_rules": [],
                "private_ip_address": "",
                "private_ip_address_allocation": "Dynamic",
                "private_ip_address_version": "",
                "public_ip_address_id": "/subscriptions/51984565-3b14-41c7-900f-cf01ff601798/resourceGroups/rg-ankit/providers/Microsoft.Network/publicIPAddresses/pip-for-lb",
                "public_ip_prefix_id": "",
                "subnet_id": "",
                "zones": []
              }
            ],
            "id": "/subscriptions/51984565-3b14-41c7-900f-cf01ff601798/resourceGroups/rg-ankit/providers/Microsoft.Network/loadBalancers/lb-ankit",
            "location": "eastus",
            "name": "lb-ankit",
            "private_ip_address": "",
            "private_ip_addresses": [],
            "resource_group_name": "rg-ankit",
            "sku": "Standard",
            "sku_tier": "Regional",
            "tags": {},
            "timeouts": null
          },
          "sensitive_attributes": [],
          "private": "eyJlMmJmYjczMC1lY2FhLTExZTYtOGY4OC0zNDM2M2JjN2M0YzAiOnsiY3JlYXRlIjoxODAwMDAwMDAwMDAwLCJkZWxldGUiOjE4MDAwMDAwMDAwMDAsInJlYWQiOjMwMDAwMDAwMDAwMCwidXBkYXRlIjoxODAwMDAwMDAwMDAwfX0=",
          "dependencies": [
            "azurerm_public_ip.pip",
            "azurerm_resource_group.rg"
          ]
        }
      ]
    },
    {
      "mode": "managed",
      "type": "azurerm_lb_backend_address_pool",
      "name": "bepool",
      "provider": "provider[\"registry.terraform.io/hashicorp/azurerm\"]",
      "instances": [
        {
          "index_key": "backendpool1",
          "schema_version": 0,
          "attributes": {
            "backend_ip_configurations": [
              "/subscriptions/51984565-3b14-41c7-900f-cf01ff601798/resourceGroups/rg-ankit/providers/Microsoft.Network/networkInterfaces/nic-ankit2/ipConfigurations/internal",
              "/subscriptions/51984565-3b14-41c7-900f-cf01ff601798/resourceGroups/rg-ankit/providers/Microsoft.Network/networkInterfaces/nic-ankit/ipConfigurations/internal"
            ],
            "id": "/subscriptions/51984565-3b14-41c7-900f-cf01ff601798/resourceGroups/rg-ankit/providers/Microsoft.Network/loadBalancers/lb-ankit/backendAddressPools/backend-pool",
            "inbound_nat_rules": [],
            "load_balancing_rules": [],
            "loadbalancer_id": "/subscriptions/51984565-3b14-41c7-900f-cf01ff601798/resourceGroups/rg-ankit/providers/Microsoft.Network/loadBalancers/lb-ankit",
            "name": "backend-pool",
            "outbound_rules": [],
            "synchronous_mode": "",
            "timeouts": null,
            "tunnel_interface": [],
            "virtual_network_id": ""
          },
          "sensitive_attributes": [],
          "private": "eyJlMmJmYjczMC1lY2FhLTExZTYtOGY4OC0zNDM2M2JjN2M0YzAiOnsiY3JlYXRlIjoxODAwMDAwMDAwMDAwLCJkZWxldGUiOjE4MDAwMDAwMDAwMDAsInJlYWQiOjMwMDAwMDAwMDAwMCwidXBkYXRlIjoxODAwMDAwMDAwMDAwfX0=",
          "dependencies": [
            "azurerm_lb.lb",
            "azurerm_public_ip.pip",
            "azurerm_resource_group.rg"
          ]
        }
      ]
    },
    {
      "mode": "managed",
      "type": "azurerm_lb_probe",
      "name": "probe",
      "provider": "provider[\"registry.terraform.io/hashicorp/azurerm\"]",
      "instances": [
        {
          "index_key": "probevar1",
          "schema_version": 0,
          "attributes": {
            "id": "/subscriptions/51984565-3b14-41c7-900f-cf01ff601798/resourceGroups/rg-ankit/providers/Microsoft.Network/loadBalancers/lb-ankit/probes/LB-probe",
            "interval_in_seconds": 15,
            "load_balancer_rules": [],
            "loadbalancer_id": "/subscriptions/51984565-3b14-41c7-900f-cf01ff601798/resourceGroups/rg-ankit/providers/Microsoft.Network/loadBalancers/lb-ankit",
            "name": "LB-probe",
            "number_of_probes": 2,
            "port": 22,
            "probe_threshold": 1,
            "protocol": "Tcp",
            "request_path": "",
            "timeouts": null
          },
          "sensitive_attributes": [],
          "private": "eyJlMmJmYjczMC1lY2FhLTExZTYtOGY4OC0zNDM2M2JjN2M0YzAiOnsiY3JlYXRlIjoxODAwMDAwMDAwMDAwLCJkZWxldGUiOjE4MDAwMDAwMDAwMDAsInJlYWQiOjMwMDAwMDAwMDAwMCwidXBkYXRlIjoxODAwMDAwMDAwMDAwfX0=",
          "dependencies": [
            "azurerm_lb.lb",
            "azurerm_public_ip.pip",
            "azurerm_resource_group.rg"
          ]
        }
      ]
    },
    {
      "mode": "managed",
      "type": "azurerm_lb_rule",
      "name": "rule",
      "provider": "provider[\"registry.terraform.io/hashicorp/azurerm\"]",
      "instances": [
        {
          "index_key": "lbrulevar1",
          "schema_version": 0,
          "attributes": {
            "backend_address_pool_ids": null,
            "backend_port": 80,
            "disable_outbound_snat": false,
            "enable_floating_ip": false,
            "enable_tcp_reset": false,
            "frontend_ip_configuration_id": "/subscriptions/51984565-3b14-41c7-900f-cf01ff601798/resourceGroups/rg-ankit/providers/Microsoft.Network/loadBalancers/lb-ankit/frontendIPConfigurations/frontend-config",
            "frontend_ip_configuration_name": "frontend-config",
            "frontend_port": 80,
            "id": "/subscriptions/51984565-3b14-41c7-900f-cf01ff601798/resourceGroups/rg-ankit/providers/Microsoft.Network/loadBalancers/lb-ankit/loadBalancingRules/LB-rule",
            "idle_timeout_in_minutes": 4,
            "load_distribution": "Default",
            "loadbalancer_id": "/subscriptions/51984565-3b14-41c7-900f-cf01ff601798/resourceGroups/rg-ankit/providers/Microsoft.Network/loadBalancers/lb-ankit",
            "name": "LB-rule",
            "probe_id": "/subscriptions/51984565-3b14-41c7-900f-cf01ff601798/resourceGroups/rg-ankit/providers/Microsoft.Network/loadBalancers/lb-ankit/probes/LB-probe",
            "protocol": "Tcp",
            "timeouts": null
          },
          "sensitive_attributes": [],
          "private": "eyJlMmJmYjczMC1lY2FhLTExZTYtOGY4OC0zNDM2M2JjN2M0YzAiOnsiY3JlYXRlIjoxODAwMDAwMDAwMDAwLCJkZWxldGUiOjE4MDAwMDAwMDAwMDAsInJlYWQiOjMwMDAwMDAwMDAwMCwidXBkYXRlIjoxODAwMDAwMDAwMDAwfX0=",
          "dependencies": [
            "azurerm_lb.lb",
            "azurerm_lb_probe.probe",
            "azurerm_public_ip.pip",
            "azurerm_resource_group.rg"
          ]
        }
      ]
    },
    {
      "mode": "managed",
      "type": "azurerm_linux_virtual_machine",
      "name": "vm",
      "provider": "provider[\"registry.terraform.io/hashicorp/azurerm\"]",
      "instances": [
        {
          "index_key": "vmvar1",
          "schema_version": 0,
          "attributes": {
            "additional_capabilities": [],
            "admin_password": "Pagal@123",
            "admin_ssh_key": [],
            "admin_username": "adminuser",
            "allow_extension_operations": true,
            "availability_set_id": "",
            "boot_diagnostics": [],
            "bypass_platform_safety_checks_on_user_schedule_enabled": false,
            "capacity_reservation_group_id": "",
            "computer_name": "vm-ankit-frontend",
            "custom_data": null,
            "dedicated_host_group_id": "",
            "dedicated_host_id": "",
            "disable_password_authentication": false,
            "disk_controller_type": "",
            "edge_zone": "",
            "encryption_at_host_enabled": false,
            "eviction_policy": "",
            "extensions_time_budget": "PT1H30M",
            "gallery_application": [],
            "id": "/subscriptions/51984565-3b14-41c7-900f-cf01ff601798/resourceGroups/rg-ankit/providers/Microsoft.Compute/virtualMachines/vm-ankit-frontend",
            "identity": [],
            "license_type": "",
            "location": "eastus",
            "max_bid_price": -1,
            "name": "vm-ankit-frontend",
            "network_interface_ids": [
              "/subscriptions/51984565-3b14-41c7-900f-cf01ff601798/resourceGroups/rg-ankit/providers/Microsoft.Network/networkInterfaces/nic-ankit"
            ],
            "os_disk": [
              {
                "caching": "ReadWrite",
                "diff_disk_settings": [],
                "disk_encryption_set_id": "",
                "disk_size_gb": 30,
                "id": "/subscriptions/51984565-3b14-41c7-900f-cf01ff601798/resourceGroups/rg-ankit/providers/Microsoft.Compute/disks/vm-ankit-frontend_disk1_c502937c228d41ad92a79aec489cefb9",
                "name": "vm-ankit-frontend_disk1_c502937c228d41ad92a79aec489cefb9",
                "secure_vm_disk_encryption_set_id": "",
                "security_encryption_type": "",
                "storage_account_type": "Standard_LRS",
                "write_accelerator_enabled": false
              }
            ],
            "os_image_notification": [],
            "patch_assessment_mode": "ImageDefault",
            "patch_mode": "ImageDefault",
            "plan": [],
            "platform_fault_domain": -1,
            "priority": "Regular",
            "private_ip_address": "10.0.1.4",
            "private_ip_addresses": [
              "10.0.1.4"
            ],
            "provision_vm_agent": true,
            "proximity_placement_group_id": "",
            "public_ip_address": "",
            "public_ip_addresses": [],
            "reboot_setting": "",
            "resource_group_name": "rg-ankit",
            "secret": [],
            "secure_boot_enabled": false,
            "size": "Standard_B1s",
            "source_image_id": "",
            "source_image_reference": [
              {
                "offer": "0001-com-ubuntu-server-jammy",
                "publisher": "Canonical",
                "sku": "22_04-lts",
                "version": "latest"
              }
            ],
            "tags": {},
            "termination_notification": [],
            "timeouts": null,
            "user_data": "",
            "virtual_machine_id": "5ba60f30-c259-4f6c-82b6-220c089e531a",
            "virtual_machine_scale_set_id": "",
            "vm_agent_platform_updates_enabled": false,
            "vtpm_enabled": false,
            "zone": ""
          },
          "sensitive_attributes": [
            [
              {
                "type": "get_attr",
                "value": "custom_data"
              }
            ],
            [
              {
                "type": "get_attr",
                "value": "admin_password"
              }
            ]
          ],
          "private": "eyJlMmJmYjczMC1lY2FhLTExZTYtOGY4OC0zNDM2M2JjN2M0YzAiOnsiY3JlYXRlIjoyNzAwMDAwMDAwMDAwLCJkZWxldGUiOjI3MDAwMDAwMDAwMDAsInJlYWQiOjMwMDAwMDAwMDAwMCwidXBkYXRlIjoyNzAwMDAwMDAwMDAwfX0=",
          "dependencies": [
            "azurerm_network_interface.nic",
            "azurerm_resource_group.rg",
            "azurerm_subnet.subnet",
            "azurerm_virtual_network.vnet"
          ]
        },
        {
          "index_key": "vmvar2",
          "schema_version": 0,
          "attributes": {
            "additional_capabilities": [],
            "admin_password": "Pagal@1234",
            "admin_ssh_key": [],
            "admin_username": "adminuser",
            "allow_extension_operations": true,
            "availability_set_id": "",
            "boot_diagnostics": [],
            "bypass_platform_safety_checks_on_user_schedule_enabled": false,
            "capacity_reservation_group_id": "",
            "computer_name": "vm-ankit-backend",
            "custom_data": null,
            "dedicated_host_group_id": "",
            "dedicated_host_id": "",
            "disable_password_authentication": false,
            "disk_controller_type": "",
            "edge_zone": "",
            "encryption_at_host_enabled": false,
            "eviction_policy": "",
            "extensions_time_budget": "PT1H30M",
            "gallery_application": [],
            "id": "/subscriptions/51984565-3b14-41c7-900f-cf01ff601798/resourceGroups/rg-ankit/providers/Microsoft.Compute/virtualMachines/vm-ankit-backend",
            "identity": [],
            "license_type": "",
            "location": "eastus",
            "max_bid_price": -1,
            "name": "vm-ankit-backend",
            "network_interface_ids": [
              "/subscriptions/51984565-3b14-41c7-900f-cf01ff601798/resourceGroups/rg-ankit/providers/Microsoft.Network/networkInterfaces/nic-ankit2"
            ],
            "os_disk": [
              {
                "caching": "ReadWrite",
                "diff_disk_settings": [],
                "disk_encryption_set_id": "",
                "disk_size_gb": 30,
                "id": "/subscriptions/51984565-3b14-41c7-900f-cf01ff601798/resourceGroups/rg-ankit/providers/Microsoft.Compute/disks/vm-ankit-backend_disk1_3390ddb7418d4e8386b749b822527523",
                "name": "vm-ankit-backend_disk1_3390ddb7418d4e8386b749b822527523",
                "secure_vm_disk_encryption_set_id": "",
                "security_encryption_type": "",
                "storage_account_type": "Standard_LRS",
                "write_accelerator_enabled": false
              }
            ],
            "os_image_notification": [],
            "patch_assessment_mode": "ImageDefault",
            "patch_mode": "ImageDefault",
            "plan": [],
            "platform_fault_domain": -1,
            "priority": "Regular",
            "private_ip_address": "10.0.2.4",
            "private_ip_addresses": [
              "10.0.2.4"
            ],
            "provision_vm_agent": true,
            "proximity_placement_group_id": "",
            "public_ip_address": "",
            "public_ip_addresses": [],
            "reboot_setting": "",
            "resource_group_name": "rg-ankit",
            "secret": [],
            "secure_boot_enabled": false,
            "size": "Standard_B1s",
            "source_image_id": "",
            "source_image_reference": [
              {
                "offer": "0001-com-ubuntu-server-jammy",
                "publisher": "Canonical",
                "sku": "22_04-lts",
                "version": "latest"
              }
            ],
            "tags": {},
            "termination_notification": [],
            "timeouts": null,
            "user_data": "",
            "virtual_machine_id": "f91f8d4e-e4ca-4326-9837-c8734ce03d56",
            "virtual_machine_scale_set_id": "",
            "vm_agent_platform_updates_enabled": false,
            "vtpm_enabled": false,
            "zone": ""
          },
          "sensitive_attributes": [
            [
              {
                "type": "get_attr",
                "value": "custom_data"
              }
            ],
            [
              {
                "type": "get_attr",
                "value": "admin_password"
              }
            ]
          ],
          "private": "eyJlMmJmYjczMC1lY2FhLTExZTYtOGY4OC0zNDM2M2JjN2M0YzAiOnsiY3JlYXRlIjoyNzAwMDAwMDAwMDAwLCJkZWxldGUiOjI3MDAwMDAwMDAwMDAsInJlYWQiOjMwMDAwMDAwMDAwMCwidXBkYXRlIjoyNzAwMDAwMDAwMDAwfX0=",
          "dependencies": [
            "azurerm_network_interface.nic",
            "azurerm_resource_group.rg",
            "azurerm_subnet.subnet",
            "azurerm_virtual_network.vnet"
          ]
        }
      ]
    },
    {
      "mode": "managed",
      "type": "azurerm_network_interface",
      "name": "nic",
      "provider": "provider[\"registry.terraform.io/hashicorp/azurerm\"]",
      "instances": [
        {
          "index_key": "nicvar1",
          "schema_version": 0,
          "attributes": {
            "accelerated_networking_enabled": false,
            "applied_dns_servers": [],
            "auxiliary_mode": "",
            "auxiliary_sku": "",
            "dns_servers": [],
            "edge_zone": "",
            "id": "/subscriptions/51984565-3b14-41c7-900f-cf01ff601798/resourceGroups/rg-ankit/providers/Microsoft.Network/networkInterfaces/nic-ankit",
            "internal_dns_name_label": "",
            "internal_domain_name_suffix": "jig142rgdoouhedvruhdosfuqb.bx.internal.cloudapp.net",
            "ip_configuration": [
              {
                "gateway_load_balancer_frontend_ip_configuration_id": "",
                "name": "internal",
                "primary": true,
                "private_ip_address": "10.0.1.4",
                "private_ip_address_allocation": "Dynamic",
                "private_ip_address_version": "IPv4",
                "public_ip_address_id": "",
                "subnet_id": "/subscriptions/51984565-3b14-41c7-900f-cf01ff601798/resourceGroups/rg-ankit/providers/Microsoft.Network/virtualNetworks/vnet-ankit/subnets/frontend-subnet"
              }
            ],
            "ip_forwarding_enabled": false,
            "location": "eastus",
            "mac_address": "60-45-BD-A7-3D-E7",
            "name": "nic-ankit",
            "private_ip_address": "10.0.1.4",
            "private_ip_addresses": [
              "10.0.1.4"
            ],
            "resource_group_name": "rg-ankit",
            "tags": {},
            "timeouts": null,
            "virtual_machine_id": "/subscriptions/51984565-3b14-41c7-900f-cf01ff601798/resourceGroups/rg-ankit/providers/Microsoft.Compute/virtualMachines/vm-ankit-frontend"
          },
          "sensitive_attributes": [],
          "private": "eyJlMmJmYjczMC1lY2FhLTExZTYtOGY4OC0zNDM2M2JjN2M0YzAiOnsiY3JlYXRlIjoxODAwMDAwMDAwMDAwLCJkZWxldGUiOjE4MDAwMDAwMDAwMDAsInJlYWQiOjMwMDAwMDAwMDAwMCwidXBkYXRlIjoxODAwMDAwMDAwMDAwfX0=",
          "dependencies": [
            "azurerm_resource_group.rg",
            "azurerm_subnet.subnet",
            "azurerm_virtual_network.vnet"
          ]
        },
        {
          "index_key": "nicvar2",
          "schema_version": 0,
          "attributes": {
            "accelerated_networking_enabled": false,
            "applied_dns_servers": [],
            "auxiliary_mode": "",
            "auxiliary_sku": "",
            "dns_servers": [],
            "edge_zone": "",
            "id": "/subscriptions/51984565-3b14-41c7-900f-cf01ff601798/resourceGroups/rg-ankit/providers/Microsoft.Network/networkInterfaces/nic-ankit2",
            "internal_dns_name_label": "",
            "internal_domain_name_suffix": "jig142rgdoouhedvruhdosfuqb.bx.internal.cloudapp.net",
            "ip_configuration": [
              {
                "gateway_load_balancer_frontend_ip_configuration_id": "",
                "name": "internal",
                "primary": true,
                "private_ip_address": "10.0.2.4",
                "private_ip_address_allocation": "Dynamic",
                "private_ip_address_version": "IPv4",
                "public_ip_address_id": "",
                "subnet_id": "/subscriptions/51984565-3b14-41c7-900f-cf01ff601798/resourceGroups/rg-ankit/providers/Microsoft.Network/virtualNetworks/vnet-ankit/subnets/backend-subnet"
              }
            ],
            "ip_forwarding_enabled": false,
            "location": "eastus",
            "mac_address": "00-0D-3A-55-B3-48",
            "name": "nic-ankit2",
            "private_ip_address": "10.0.2.4",
            "private_ip_addresses": [
              "10.0.2.4"
            ],
            "resource_group_name": "rg-ankit",
            "tags": {},
            "timeouts": null,
            "virtual_machine_id": "/subscriptions/51984565-3b14-41c7-900f-cf01ff601798/resourceGroups/rg-ankit/providers/Microsoft.Compute/virtualMachines/vm-ankit-backend"
          },
          "sensitive_attributes": [],
          "private": "eyJlMmJmYjczMC1lY2FhLTExZTYtOGY4OC0zNDM2M2JjN2M0YzAiOnsiY3JlYXRlIjoxODAwMDAwMDAwMDAwLCJkZWxldGUiOjE4MDAwMDAwMDAwMDAsInJlYWQiOjMwMDAwMDAwMDAwMCwidXBkYXRlIjoxODAwMDAwMDAwMDAwfX0=",
          "dependencies": [
            "azurerm_resource_group.rg",
            "azurerm_subnet.subnet",
            "azurerm_virtual_network.vnet"
          ]
        }
      ]
    },
    {
      "mode": "managed",
      "type": "azurerm_network_interface_backend_address_pool_association",
      "name": "nic_assoc_vm1",
      "provider": "provider[\"registry.terraform.io/hashicorp/azurerm\"]",
      "instances": [
        {
          "index_key": "assoclbvm11",
          "schema_version": 0,
          "attributes": {
            "backend_address_pool_id": "/subscriptions/51984565-3b14-41c7-900f-cf01ff601798/resourceGroups/rg-ankit/providers/Microsoft.Network/loadBalancers/lb-ankit/backendAddressPools/backend-pool",
            "id": "/subscriptions/51984565-3b14-41c7-900f-cf01ff601798/resourceGroups/rg-ankit/providers/Microsoft.Network/networkInterfaces/nic-ankit/ipConfigurations/internal|/subscriptions/51984565-3b14-41c7-900f-cf01ff601798/resourceGroups/rg-ankit/providers/Microsoft.Network/loadBalancers/lb-ankit/backendAddressPools/backend-pool",
            "ip_configuration_name": "internal",
            "network_interface_id": "/subscriptions/51984565-3b14-41c7-900f-cf01ff601798/resourceGroups/rg-ankit/providers/Microsoft.Network/networkInterfaces/nic-ankit",
            "timeouts": null
          },
          "sensitive_attributes": [],
          "private": "eyJlMmJmYjczMC1lY2FhLTExZTYtOGY4OC0zNDM2M2JjN2M0YzAiOnsiY3JlYXRlIjoxODAwMDAwMDAwMDAwLCJkZWxldGUiOjE4MDAwMDAwMDAwMDAsInJlYWQiOjMwMDAwMDAwMDAwMH19",
          "dependencies": [
            "azurerm_lb.lb",
            "azurerm_lb_backend_address_pool.bepool",
            "azurerm_network_interface.nic",
            "azurerm_public_ip.pip",
            "azurerm_resource_group.rg",
            "azurerm_subnet.subnet",
            "azurerm_virtual_network.vnet"
          ]
        }
      ]
    },
    {
      "mode": "managed",
      "type": "azurerm_network_interface_backend_address_pool_association",
      "name": "nic_assoc_vm2",
      "provider": "provider[\"registry.terraform.io/hashicorp/azurerm\"]",
      "instances": [
        {
          "index_key": "assoclbvm21",
          "schema_version": 0,
          "attributes": {
            "backend_address_pool_id": "/subscriptions/51984565-3b14-41c7-900f-cf01ff601798/resourceGroups/rg-ankit/providers/Microsoft.Network/loadBalancers/lb-ankit/backendAddressPools/backend-pool",
            "id": "/subscriptions/51984565-3b14-41c7-900f-cf01ff601798/resourceGroups/rg-ankit/providers/Microsoft.Network/networkInterfaces/nic-ankit2/ipConfigurations/internal|/subscriptions/51984565-3b14-41c7-900f-cf01ff601798/resourceGroups/rg-ankit/providers/Microsoft.Network/loadBalancers/lb-ankit/backendAddressPools/backend-pool",
            "ip_configuration_name": "internal",
            "network_interface_id": "/subscriptions/51984565-3b14-41c7-900f-cf01ff601798/resourceGroups/rg-ankit/providers/Microsoft.Network/networkInterfaces/nic-ankit2",
            "timeouts": null
          },
          "sensitive_attributes": [],
          "private": "eyJlMmJmYjczMC1lY2FhLTExZTYtOGY4OC0zNDM2M2JjN2M0YzAiOnsiY3JlYXRlIjoxODAwMDAwMDAwMDAwLCJkZWxldGUiOjE4MDAwMDAwMDAwMDAsInJlYWQiOjMwMDAwMDAwMDAwMH19",
          "dependencies": [
            "azurerm_lb.lb",
            "azurerm_lb_backend_address_pool.bepool",
            "azurerm_network_interface.nic",
            "azurerm_public_ip.pip",
            "azurerm_resource_group.rg",
            "azurerm_subnet.subnet",
            "azurerm_virtual_network.vnet"
          ]
        }
      ]
    },
    {
      "mode": "managed",
      "type": "azurerm_network_interface_security_group_association",
      "name": "association",
      "provider": "provider[\"registry.terraform.io/hashicorp/azurerm\"]",
      "instances": [
        {
          "index_key": "associationvar1",
          "schema_version": 0,
          "attributes": {
            "id": "/subscriptions/51984565-3b14-41c7-900f-cf01ff601798/resourceGroups/rg-ankit/providers/Microsoft.Network/networkInterfaces/nic-ankit|/subscriptions/51984565-3b14-41c7-900f-cf01ff601798/resourceGroups/rg-ankit/providers/Microsoft.Network/networkSecurityGroups/nsg-ankit",
            "network_interface_id": "/subscriptions/51984565-3b14-41c7-900f-cf01ff601798/resourceGroups/rg-ankit/providers/Microsoft.Network/networkInterfaces/nic-ankit",
            "network_security_group_id": "/subscriptions/51984565-3b14-41c7-900f-cf01ff601798/resourceGroups/rg-ankit/providers/Microsoft.Network/networkSecurityGroups/nsg-ankit",
            "timeouts": null
          },
          "sensitive_attributes": [],
          "private": "eyJlMmJmYjczMC1lY2FhLTExZTYtOGY4OC0zNDM2M2JjN2M0YzAiOnsiY3JlYXRlIjoxODAwMDAwMDAwMDAwLCJkZWxldGUiOjE4MDAwMDAwMDAwMDAsInJlYWQiOjMwMDAwMDAwMDAwMH19",
          "dependencies": [
            "azurerm_network_interface.nic",
            "azurerm_network_security_group.nsg",
            "azurerm_resource_group.rg",
            "azurerm_subnet.subnet",
            "azurerm_virtual_network.vnet"
          ]
        },
        {
          "index_key": "associationvar2",
          "schema_version": 0,
          "attributes": {
            "id": "/subscriptions/51984565-3b14-41c7-900f-cf01ff601798/resourceGroups/rg-ankit/providers/Microsoft.Network/networkInterfaces/nic-ankit2|/subscriptions/51984565-3b14-41c7-900f-cf01ff601798/resourceGroups/rg-ankit/providers/Microsoft.Network/networkSecurityGroups/nsg-ankit",
            "network_interface_id": "/subscriptions/51984565-3b14-41c7-900f-cf01ff601798/resourceGroups/rg-ankit/providers/Microsoft.Network/networkInterfaces/nic-ankit2",
            "network_security_group_id": "/subscriptions/51984565-3b14-41c7-900f-cf01ff601798/resourceGroups/rg-ankit/providers/Microsoft.Network/networkSecurityGroups/nsg-ankit",
            "timeouts": null
          },
          "sensitive_attributes": [],
          "private": "eyJlMmJmYjczMC1lY2FhLTExZTYtOGY4OC0zNDM2M2JjN2M0YzAiOnsiY3JlYXRlIjoxODAwMDAwMDAwMDAwLCJkZWxldGUiOjE4MDAwMDAwMDAwMDAsInJlYWQiOjMwMDAwMDAwMDAwMH19",
          "dependencies": [
            "azurerm_network_interface.nic",
            "azurerm_network_security_group.nsg",
            "azurerm_resource_group.rg",
            "azurerm_subnet.subnet",
            "azurerm_virtual_network.vnet"
          ]
        }
      ]
    },
    {
      "mode": "managed",
      "type": "azurerm_network_security_group",
      "name": "nsg",
      "provider": "provider[\"registry.terraform.io/hashicorp/azurerm\"]",
      "instances": [
        {
          "index_key": "nsgvar1",
          "schema_version": 0,
          "attributes": {
            "id": "/subscriptions/51984565-3b14-41c7-900f-cf01ff601798/resourceGroups/rg-ankit/providers/Microsoft.Network/networkSecurityGroups/nsg-ankit",
            "location": "eastus",
            "name": "nsg-ankit",
            "resource_group_name": "rg-ankit",
            "security_rule": [
              {
                "access": "Allow",
                "description": "",
                "destination_address_prefix": "*",
                "destination_address_prefixes": [],
                "destination_application_security_group_ids": [],
                "destination_port_range": "*",
                "destination_port_ranges": [],
                "direction": "Inbound",
                "name": "AllowAllInbound",
                "priority": 100,
                "protocol": "Tcp",
                "source_address_prefix": "*",
                "source_address_prefixes": [],
                "source_application_security_group_ids": [],
                "source_port_range": "*",
                "source_port_ranges": []
              }
            ],
            "tags": {},
            "timeouts": null
          },
          "sensitive_attributes": [],
          "private": "eyJlMmJmYjczMC1lY2FhLTExZTYtOGY4OC0zNDM2M2JjN2M0YzAiOnsiY3JlYXRlIjoxODAwMDAwMDAwMDAwLCJkZWxldGUiOjE4MDAwMDAwMDAwMDAsInJlYWQiOjMwMDAwMDAwMDAwMCwidXBkYXRlIjoxODAwMDAwMDAwMDAwfX0=",
          "dependencies": [
            "azurerm_resource_group.rg"
          ]
        }
      ]
    },
    {
      "mode": "managed",
      "type": "azurerm_public_ip",
      "name": "pip",
      "provider": "provider[\"registry.terraform.io/hashicorp/azurerm\"]",
      "instances": [
        {
          "index_key": "pipvar1",
          "schema_version": 0,
          "attributes": {
            "allocation_method": "Static",
            "ddos_protection_mode": "VirtualNetworkInherited",
            "ddos_protection_plan_id": null,
            "domain_name_label": null,
            "domain_name_label_scope": null,
            "edge_zone": "",
            "fqdn": null,
            "id": "/subscriptions/51984565-3b14-41c7-900f-cf01ff601798/resourceGroups/rg-ankit/providers/Microsoft.Network/publicIPAddresses/pip-ankit",
            "idle_timeout_in_minutes": 4,
            "ip_address": "74.235.250.221",
            "ip_tags": {},
            "ip_version": "IPv4",
            "location": "eastus",
            "name": "pip-ankit",
            "public_ip_prefix_id": null,
            "resource_group_name": "rg-ankit",
            "reverse_fqdn": null,
            "sku": "Standard",
            "sku_tier": "Regional",
            "tags": {},
            "timeouts": null,
            "zones": []
          },
          "sensitive_attributes": [],
          "private": "eyJlMmJmYjczMC1lY2FhLTExZTYtOGY4OC0zNDM2M2JjN2M0YzAiOnsiY3JlYXRlIjoxODAwMDAwMDAwMDAwLCJkZWxldGUiOjE4MDAwMDAwMDAwMDAsInJlYWQiOjMwMDAwMDAwMDAwMCwidXBkYXRlIjoxODAwMDAwMDAwMDAwfX0=",
          "dependencies": [
            "azurerm_resource_group.rg"
          ]
        },
        {
          "index_key": "pipvar2",
          "schema_version": 0,
          "attributes": {
            "allocation_method": "Static",
            "ddos_protection_mode": "VirtualNetworkInherited",
            "ddos_protection_plan_id": null,
            "domain_name_label": null,
            "domain_name_label_scope": null,
            "edge_zone": "",
            "fqdn": null,
            "id": "/subscriptions/51984565-3b14-41c7-900f-cf01ff601798/resourceGroups/rg-ankit/providers/Microsoft.Network/publicIPAddresses/pip-for-lb",
            "idle_timeout_in_minutes": 4,
            "ip_address": "13.92.87.85",
            "ip_tags": {},
            "ip_version": "IPv4",
            "location": "eastus",
            "name": "pip-for-lb",
            "public_ip_prefix_id": null,
            "resource_group_name": "rg-ankit",
            "reverse_fqdn": null,
            "sku": "Standard",
            "sku_tier": "Regional",
            "tags": {},
            "timeouts": null,
            "zones": []
          },
          "sensitive_attributes": [],
          "private": "eyJlMmJmYjczMC1lY2FhLTExZTYtOGY4OC0zNDM2M2JjN2M0YzAiOnsiY3JlYXRlIjoxODAwMDAwMDAwMDAwLCJkZWxldGUiOjE4MDAwMDAwMDAwMDAsInJlYWQiOjMwMDAwMDAwMDAwMCwidXBkYXRlIjoxODAwMDAwMDAwMDAwfX0=",
          "dependencies": [
            "azurerm_resource_group.rg"
          ]
        }
      ]
    },
    {
      "mode": "managed",
      "type": "azurerm_resource_group",
      "name": "rg",
      "provider": "provider[\"registry.terraform.io/hashicorp/azurerm\"]",
      "instances": [
        {
          "index_key": "rgvar1",
          "schema_version": 0,
          "attributes": {
            "id": "/subscriptions/51984565-3b14-41c7-900f-cf01ff601798/resourceGroups/rg-ankit",
            "location": "eastus",
            "managed_by": "",
            "name": "rg-ankit",
            "tags": {},
            "timeouts": null
          },
          "sensitive_attributes": [],
          "private": "eyJlMmJmYjczMC1lY2FhLTExZTYtOGY4OC0zNDM2M2JjN2M0YzAiOnsiY3JlYXRlIjo1NDAwMDAwMDAwMDAwLCJkZWxldGUiOjU0MDAwMDAwMDAwMDAsInJlYWQiOjMwMDAwMDAwMDAwMCwidXBkYXRlIjo1NDAwMDAwMDAwMDAwfX0="
        }
      ]
    },
    {
      "mode": "managed",
      "type": "azurerm_subnet",
      "name": "subnet",
      "provider": "provider[\"registry.terraform.io/hashicorp/azurerm\"]",
      "instances": [
        {
          "index_key": "subnet-b",
          "schema_version": 0,
          "attributes": {
            "address_prefixes": [
              "10.0.2.0/24"
            ],
            "default_outbound_access_enabled": true,
            "delegation": [],
            "id": "/subscriptions/51984565-3b14-41c7-900f-cf01ff601798/resourceGroups/rg-ankit/providers/Microsoft.Network/virtualNetworks/vnet-ankit/subnets/backend-subnet",
            "ip_address_pool": [],
            "name": "backend-subnet",
            "private_endpoint_network_policies": "Disabled",
            "private_link_service_network_policies_enabled": true,
            "resource_group_name": "rg-ankit",
            "service_endpoint_policy_ids": [],
            "service_endpoints": [],
            "timeouts": null,
            "virtual_network_name": "vnet-ankit"
          },
          "sensitive_attributes": [],
          "private": "eyJlMmJmYjczMC1lY2FhLTExZTYtOGY4OC0zNDM2M2JjN2M0YzAiOnsiY3JlYXRlIjoxODAwMDAwMDAwMDAwLCJkZWxldGUiOjE4MDAwMDAwMDAwMDAsInJlYWQiOjMwMDAwMDAwMDAwMCwidXBkYXRlIjoxODAwMDAwMDAwMDAwfX0=",
          "dependencies": [
            "azurerm_resource_group.rg",
            "azurerm_virtual_network.vnet"
          ]
        },
        {
          "index_key": "subnet-bastion",
          "schema_version": 0,
          "attributes": {
            "address_prefixes": [
              "10.0.3.0/24"
            ],
            "default_outbound_access_enabled": true,
            "delegation": [],
            "id": "/subscriptions/51984565-3b14-41c7-900f-cf01ff601798/resourceGroups/rg-ankit/providers/Microsoft.Network/virtualNetworks/vnet-ankit/subnets/AzureBastionSubnet",
            "ip_address_pool": [],
            "name": "AzureBastionSubnet",
            "private_endpoint_network_policies": "Disabled",
            "private_link_service_network_policies_enabled": true,
            "resource_group_name": "rg-ankit",
            "service_endpoint_policy_ids": [],
            "service_endpoints": [],
            "timeouts": null,
            "virtual_network_name": "vnet-ankit"
          },
          "sensitive_attributes": [],
          "private": "eyJlMmJmYjczMC1lY2FhLTExZTYtOGY4OC0zNDM2M2JjN2M0YzAiOnsiY3JlYXRlIjoxODAwMDAwMDAwMDAwLCJkZWxldGUiOjE4MDAwMDAwMDAwMDAsInJlYWQiOjMwMDAwMDAwMDAwMCwidXBkYXRlIjoxODAwMDAwMDAwMDAwfX0=",
          "dependencies": [
            "azurerm_resource_group.rg",
            "azurerm_virtual_network.vnet"
          ]
        },
        {
          "index_key": "subnet-f",
          "schema_version": 0,
          "attributes": {
            "address_prefixes": [
              "10.0.1.0/24"
            ],
            "default_outbound_access_enabled": true,
            "delegation": [],
            "id": "/subscriptions/51984565-3b14-41c7-900f-cf01ff601798/resourceGroups/rg-ankit/providers/Microsoft.Network/virtualNetworks/vnet-ankit/subnets/frontend-subnet",
            "ip_address_pool": [],
            "name": "frontend-subnet",
            "private_endpoint_network_policies": "Disabled",
            "private_link_service_network_policies_enabled": true,
            "resource_group_name": "rg-ankit",
            "service_endpoint_policy_ids": [],
            "service_endpoints": [],
            "timeouts": null,
            "virtual_network_name": "vnet-ankit"
          },
          "sensitive_attributes": [],
          "private": "eyJlMmJmYjczMC1lY2FhLTExZTYtOGY4OC0zNDM2M2JjN2M0YzAiOnsiY3JlYXRlIjoxODAwMDAwMDAwMDAwLCJkZWxldGUiOjE4MDAwMDAwMDAwMDAsInJlYWQiOjMwMDAwMDAwMDAwMCwidXBkYXRlIjoxODAwMDAwMDAwMDAwfX0=",
          "dependencies": [
            "azurerm_resource_group.rg",
            "azurerm_virtual_network.vnet"
          ]
        }
      ]
    },
    {
      "mode": "managed",
      "type": "azurerm_virtual_network",
      "name": "vnet",
      "provider": "provider[\"registry.terraform.io/hashicorp/azurerm\"]",
      "instances": [
        {
          "index_key": "vnetvar1",
          "schema_version": 0,
          "attributes": {
            "address_space": [
              "10.0.0.0/16"
            ],
            "bgp_community": "",
            "ddos_protection_plan": [],
            "dns_servers": [],
            "edge_zone": "",
            "encryption": [],
            "flow_timeout_in_minutes": 0,
            "guid": "72bf0d4a-1b26-439d-9075-8d0e3748b481",
            "id": "/subscriptions/51984565-3b14-41c7-900f-cf01ff601798/resourceGroups/rg-ankit/providers/Microsoft.Network/virtualNetworks/vnet-ankit",
            "ip_address_pool": [],
            "location": "eastus",
            "name": "vnet-ankit",
            "private_endpoint_vnet_policies": "Disabled",
            "resource_group_name": "rg-ankit",
            "subnet": [
              {
                "address_prefixes": [
                  "10.0.1.0/24"
                ],
                "default_outbound_access_enabled": true,
                "delegation": [],
                "id": "/subscriptions/51984565-3b14-41c7-900f-cf01ff601798/resourceGroups/rg-ankit/providers/Microsoft.Network/virtualNetworks/vnet-ankit/subnets/frontend-subnet",
                "name": "frontend-subnet",
                "private_endpoint_network_policies": "Disabled",
                "private_link_service_network_policies_enabled": true,
                "route_table_id": "",
                "security_group": "",
                "service_endpoint_policy_ids": [],
                "service_endpoints": []
              },
              {
                "address_prefixes": [
                  "10.0.2.0/24"
                ],
                "default_outbound_access_enabled": true,
                "delegation": [],
                "id": "/subscriptions/51984565-3b14-41c7-900f-cf01ff601798/resourceGroups/rg-ankit/providers/Microsoft.Network/virtualNetworks/vnet-ankit/subnets/backend-subnet",
                "name": "backend-subnet",
                "private_endpoint_network_policies": "Disabled",
                "private_link_service_network_policies_enabled": true,
                "route_table_id": "",
                "security_group": "",
                "service_endpoint_policy_ids": [],
                "service_endpoints": []
              },
              {
                "address_prefixes": [
                  "10.0.3.0/24"
                ],
                "default_outbound_access_enabled": true,
                "delegation": [],
                "id": "/subscriptions/51984565-3b14-41c7-900f-cf01ff601798/resourceGroups/rg-ankit/providers/Microsoft.Network/virtualNetworks/vnet-ankit/subnets/AzureBastionSubnet",
                "name": "AzureBastionSubnet",
                "private_endpoint_network_policies": "Disabled",
                "private_link_service_network_policies_enabled": true,
                "route_table_id": "",
                "security_group": "",
                "service_endpoint_policy_ids": [],
                "service_endpoints": []
              }
            ],
            "tags": {},
            "timeouts": null
          },
          "sensitive_attributes": [],
          "private": "eyJlMmJmYjczMC1lY2FhLTExZTYtOGY4OC0zNDM2M2JjN2M0YzAiOnsiY3JlYXRlIjoxODAwMDAwMDAwMDAwLCJkZWxldGUiOjE4MDAwMDAwMDAwMDAsInJlYWQiOjMwMDAwMDAwMDAwMCwidXBkYXRlIjoxODAwMDAwMDAwMDAwfX0=",
          "dependencies": [
            "azurerm_resource_group.rg"
          ]
        }
      ]
    }
  ],
  "check_results": null
}
